
Microsoft Visual Studio Solution File, Format Version 12.00
# Visual Studio Version 16
VisualStudioVersion = 16.0.30804.86
MinimumVisualStudioVersion = 10.0.40219.1
Project("{FAE04EC0-301F-11D3-BF4B-00C04F79EFBC}") = "Blackjack Projekt", "Blackjack Projekt.csproj", "{C2D7647B-9851-4FE3-ADB5-E31C644CBFD9}"
EndProject
Project("{FAE04EC0-301F-11D3-BF4B-00C04F79EFBC}") = "Blackjack Projekt Logic Layer", "..\Blackjack Projekt Logic Layer\Blackjack Projekt Logic Layer.csproj", "{35F1467E-8BED-49AF-81A2-E10F08E1334A}"
EndProject
Global
	GlobalSection(SolutionConfigurationPlatforms) = preSolution
		Debug|Any CPU = Debug|Any CPU
		Release|Any CPU = Release|Any CPU
	EndGlobalSection
	GlobalSection(ProjectConfigurationPlatforms) = postSolution
		{C2D7647B-9851-4FE3-ADB5-E31C644CBFD9}.Debug|Any CPU.ActiveCfg = Debug|Any CPU
		{C2D7647B-9851-4FE3-ADB5-E31C644CBFD9}.Debug|Any CPU.Build.0 = Debug|Any CPU
		{C2D7647B-9851-4FE3-ADB5-E31C644CBFD9}.Release|Any CPU.ActiveCfg = Release|Any CPU
		{C2D7647B-9851-4FE3-ADB5-E31C644CBFD9}.Release|Any CPU.Build.0 = Release|Any CPU
		{35F1467E-8BED-49AF-81A2-E10F08E1334A}.Debug|Any CPU.ActiveCfg = Debug|Any CPU
		{35F1467E-8BED-49AF-81A2-E10F08E1334A}.Debug|Any CPU.Build.0 = Debug|Any CPU
		{35F1467E-8BED-49AF-81A2-E10F08E1334A}.Release|Any CPU.ActiveCfg = Release|Any CPU
		{35F1467E-8BED-49AF-81A2-E10F08E1334A}.Release|Any CPU.Build.0 = Release|Any CPU
	EndGlobalSection
	GlobalSection(SolutionProperties) = preSolution
		HideSolutionNode = FALSE
	EndGlobalSection
	GlobalSection(ExtensibilityGlobals) = postSolution
		SolutionGuid = {67E64D46-9AE7-41CA-B1AC-F8F4CCCDFA05}
	EndGlobalSection
EndGlobal
